
Microsoft Visual Studio Solution File, Format Version 12.00
# Visual Studio Version 17
VisualStudioVersion = 17.5.33516.290
MinimumVisualStudioVersion = 10.0.40219.1
Project("{FAE04EC0-301F-11D3-BF4B-00C04F79EFBC}") = "RoboTupiniquim.ConsoleApp", "RoboTupiniquim.ConsoleApp\RoboTupiniquim.ConsoleApp.csproj", "{F5A36C1B-D02C-4986-92FD-4462B3FB12EC}"
EndProject
Global
	GlobalSection(SolutionConfigurationPlatforms) = preSolution
		Debug|Any CPU = Debug|Any CPU
		Release|Any CPU = Release|Any CPU
	EndGlobalSection
	GlobalSection(ProjectConfigurationPlatforms) = postSolution
		{F5A36C1B-D02C-4986-92FD-4462B3FB12EC}.Debug|Any CPU.ActiveCfg = Debug|Any CPU
		{F5A36C1B-D02C-4986-92FD-4462B3FB12EC}.Debug|Any CPU.Build.0 = Debug|Any CPU
		{F5A36C1B-D02C-4986-92FD-4462B3FB12EC}.Release|Any CPU.ActiveCfg = Release|Any CPU
		{F5A36C1B-D02C-4986-92FD-4462B3FB12EC}.Release|Any CPU.Build.0 = Release|Any CPU
	EndGlobalSection
	GlobalSection(SolutionProperties) = preSolution
		HideSolutionNode = FALSE
	EndGlobalSection
	GlobalSection(ExtensibilityGlobals) = postSolution
		SolutionGuid = {DE7CC8EC-18AB-4258-A6C5-C2F5A1F71361}
	EndGlobalSection
EndGlobal
